{
  "name": "ucalgarybc2027",
  "lockfileVersion": 3,
  "requires": true,
  "packages": {
    "": {
      "dependencies": {
        "@bufbuild/buf": "^1.68.1"
      }
    },
    "node_modules/@bufbuild/buf": {
      "version": "1.68.1",
      "resolved": "https://registry.npmjs.org/@bufbuild/buf/-/buf-1.68.1.tgz",
      "integrity": "sha512-QDJ3oy4qZ5EVS2JYtmpE1n9FuaoABthxIddXB050huGddatr1sjHJSSAXXpLotOI18pW3KQ4zzU1x5Ms+pEEOw==",
      "hasInstallScript": true,
      "license": "Apache-2.0",
      "bin": {
        "buf": "bin/buf",
        "protoc-gen-buf-breaking": "bin/protoc-gen-buf-breaking",
        "protoc-gen-buf-lint": "bin/protoc-gen-buf-lint"
      },
      "engines": {
        "node": ">=12"
      },
      "optionalDependencies": {
        "@bufbuild/buf-darwin-arm64": "1.68.1",
        "@bufbuild/buf-darwin-x64": "1.68.1",
        "@bufbuild/buf-linux-aarch64": "1.68.1",
        "@bufbuild/buf-linux-armv7": "1.68.1",
        "@bufbuild/buf-linux-x64": "1.68.1",
        "@bufbuild/buf-win32-arm64": "1.68.1",
        "@bufbuild/buf-win32-x64": "1.68.1"
      }
    },
    "node_modules/@bufbuild/buf-darwin-arm64": {
      "version": "1.68.1",
      "resolved": "https://registry.npmjs.org/@bufbuild/buf-darwin-arm64/-/buf-darwin-arm64-1.68.1.tgz",
      "integrity": "sha512-+Cu/2Kr6Add3s+Zk/edcF9QdpnrsukQkdR/z4fk4+qr6YZqfWfiV8f+s14I3h7qPrPnGeCeynvmZ9NmJ1BMYuA==",
      "cpu": [
        "arm64"
      ],
      "license": "Apache-2.0",
      "optional": true,
      "os": [
        "darwin"
      ],
      "engines": {
        "node": ">=12"
      }
    },
    "node_modules/@bufbuild/buf-darwin-x64": {
      "version": "1.68.1",
      "resolved": "https://registry.npmjs.org/@bufbuild/buf-darwin-x64/-/buf-darwin-x64-1.68.1.tgz",
      "integrity": "sha512-hvAs452aJ6io9hZKSfr3TvC+//16zW5y5u3ucsIXVkl5mkmKWSCkPbZwGpjNCfRGGUsyRJGL6rixxTgLKw2k5w==",
      "cpu": [
        "x64"
      ],
      "license": "Apache-2.0",
      "optional": true,
      "os": [
        "darwin"
      ],
      "engines": {
        "node": ">=12"
      }
    },
    "node_modules/@bufbuild/buf-linux-aarch64": {
      "version": "1.68.1",
      "resolved": "https://registry.npmjs.org/@bufbuild/buf-linux-aarch64/-/buf-linux-aarch64-1.68.1.tgz",
      "integrity": "sha512-GLCakHzZVKUPlAiJEPGMBLW+yBk8tuz6NNcoeQU5lB5AO7ks8V8x9cy4CQjne4YSl3niF1JtvAQckLKhEWPueQ==",
      "cpu": [
        "arm64"
      ],
      "license": "Apache-2.0",
      "optional": true,
      "os": [
        "linux"
      ],
      "engines": {
        "node": ">=12"
      }
    },
    "node_modules/@bufbuild/buf-linux-armv7": {
      "version": "1.68.1",
      "resolved": "https://registry.npmjs.org/@bufbuild/buf-linux-armv7/-/buf-linux-armv7-1.68.1.tgz",
      "integrity": "sha512-lUMCULl3MOYQe0oAPWnqNVYy8pL+F3Jeq6C4sSY+0E9udaACMc2mZ32gYingaMop9O1qS58HjJbezFxxL+CJqg==",
      "cpu": [
        "arm"
      ],
      "license": "Apache-2.0",
      "optional": true,
      "os": [
        "linux"
      ],
      "engines": {
        "node": ">=12"
      }
    },
    "node_modules/@bufbuild/buf-linux-x64": {
      "version": "1.68.1",
      "resolved": "https://registry.npmjs.org/@bufbuild/buf-linux-x64/-/buf-linux-x64-1.68.1.tgz",
      "integrity": "sha512-eRU3UWiZQthAgx+qFTG3EeJ/VeOcZzAkKYGt5ansOnOIJHBm+3RG2KqA+Jm8q3EFqB1XpVcGxPXnIu/qmFJXaQ==",
      "cpu": [
        "x64"
      ],
      "license": "Apache-2.0",
      "optional": true,
      "os": [
        "linux"
      ],
      "engines": {
        "node": ">=12"
      }
    },
    "node_modules/@bufbuild/buf-win32-arm64": {
      "version": "1.68.1",
      "resolved": "https://registry.npmjs.org/@bufbuild/buf-win32-arm64/-/buf-win32-arm64-1.68.1.tgz",
      "integrity": "sha512-v3xlKzs3l2C+mYv+T0sYol05DTmsFKYmM5Vz8+AyrXdjxRwq2QH7m0arVWwxHX2MwyhQxKA+qqjoF8bCUM7xxA==",
      "cpu": [
        "arm64"
      ],
      "license": "Apache-2.0",
      "optional": true,
      "os": [
        "win32"
      ],
      "engines": {
        "node": ">=12"
      }
    },
    "node_modules/@bufbuild/buf-win32-x64": {
      "version": "1.68.1",
      "resolved": "https://registry.npmjs.org/@bufbuild/buf-win32-x64/-/buf-win32-x64-1.68.1.tgz",
      "integrity": "sha512-b62pwu+G7n5tF8n1QIoT85K7xgKJZS8SzdN020weOa7IVvMNHCDqMq7nrkz46fXCkK7MtD1YJ6sUp86sWSZPsw==",
      "cpu": [
        "x64"
      ],
      "license": "Apache-2.0",
      "optional": true,
      "os": [
        "win32"
      ],
      "engines": {
        "node": ">=12"
      }
    }
  }
}
